
Microsoft Visual Studio Solution File, Format Version 12.00
# Visual Studio 14
VisualStudioVersion = 14.0.25420.1
MinimumVisualStudioVersion = 10.0.40219.1
Project("{FAE04EC0-301F-11D3-BF4B-00C04F79EFBC}") = "NotyPC", "NotyPC\NotyPC.csproj", "{EC0AB6EB-F2D3-44D9-A66F-1B06EA2C8609}"
EndProject
Project("{FAE04EC0-301F-11D3-BF4B-00C04F79EFBC}") = "CashFlowViewer", "CashFlowViewer\CashFlowViewer.csproj", "{6C587EA4-1EB0-42CF-8168-0390BA6F8FCB}"
EndProject
Project("{FAE04EC0-301F-11D3-BF4B-00C04F79EFBC}") = "AiriTheSystem", "AiriTheSystem\AiriTheSystem.csproj", "{C46C8337-D394-4C6E-BBEA-5599DDB3282F}"
EndProject
Project("{FAE04EC0-301F-11D3-BF4B-00C04F79EFBC}") = "AiriTheSystemTest", "AiriTheSystemTest\AiriTheSystemTest.csproj", "{C8C6D7E7-A28B-40E4-8BE0-7CAE939C44D1}"
EndProject
Project("{FAE04EC0-301F-11D3-BF4B-00C04F79EFBC}") = "DictionaryBuilder", "DictionaryBuilder\DictionaryBuilder.csproj", "{7FA09573-8723-4933-9783-E191F6D329D9}"
EndProject
Project("{FAE04EC0-301F-11D3-BF4B-00C04F79EFBC}") = "MULTITUDE", "MULTITUDE\MULTITUDE.csproj", "{6A65A81A-335A-4105-94C5-4EC0FC793105}"
EndProject
Project("{FAE04EC0-301F-11D3-BF4B-00C04F79EFBC}") = "DataStructureLibrary", "DataStructureLibrary\DataStructureLibrary.csproj", "{751A9EA3-5FB1-4824-BE29-594CA1149269}"
EndProject
Project("{FAE04EC0-301F-11D3-BF4B-00C04F79EFBC}") = "UnitTests", "UnitTests\UnitTests.csproj", "{66422F1A-7463-4C1E-89F2-054F1B6DD60D}"
EndProject
Project("{FAE04EC0-301F-11D3-BF4B-00C04F79EFBC}") = "WordNet.Net", "..\..\Libraries\Dict\Libraries In Use\WordNet.C#\WordNet.Net.csproj", "{F12805B0-D74A-4E5B-A482-7C7CCB69D572}"
EndProject
Project("{FAE04EC0-301F-11D3-BF4B-00C04F79EFBC}") = "WikiOfflineParser", "WikiOfflineParser\WikiOfflineParser.csproj", "{D5A66184-1A66-4232-B220-091CB99EFB46}"
EndProject
Project("{FAE04EC0-301F-11D3-BF4B-00C04F79EFBC}") = "TestWindows", "TestWindows\TestWindows.csproj", "{9FA7D3EA-35DD-4888-B543-9C718562C53C}"
EndProject
Project("{2150E333-8FDC-42A3-9474-1A3956D46DE8}") = "Utilities", "Utilities", "{0A32D4E2-9A3A-4FB7-8852-BC758C49CEF9}"
EndProject
Project("{2150E333-8FDC-42A3-9474-1A3956D46DE8}") = "Libraries", "Libraries", "{78DD1B6D-F658-4A9C-B568-773E34374FEA}"
EndProject
Project("{2150E333-8FDC-42A3-9474-1A3956D46DE8}") = "Tests", "Tests", "{5D0973AC-0C25-4BC1-983C-E7CE59AF7D04}"
EndProject
Project("{2150E333-8FDC-42A3-9474-1A3956D46DE8}") = "Misc and Deprecated", "Misc and Deprecated", "{D7DDCD95-FC17-47A6-B6DB-80052A5487EA}"
EndProject
Project("{2150E333-8FDC-42A3-9474-1A3956D46DE8}") = "Projects", "Projects", "{6C590AE2-EF56-40DC-941D-ADD07D79F803}"
EndProject
Project("{2150E333-8FDC-42A3-9474-1A3956D46DE8}") = "VLC", "VLC", "{5BFF1F60-2A56-4EF2-B3F2-7F325389AD21}"
EndProject
Project("{FAE04EC0-301F-11D3-BF4B-00C04F79EFBC}") = "Vlc.DotNet.Core - CLR 4 - .Net 4.5", "C:\Users\szinu\Desktop\VLCNet\Vlc.DotNet-master\src\Vlc.DotNet.Core\Vlc.DotNet.Core - CLR 4 - .Net 4.5.csproj", "{24860783-A729-4A14-98C0-9A34BF138BDB}"
EndProject
Project("{FAE04EC0-301F-11D3-BF4B-00C04F79EFBC}") = "Vlc.DotNet.Core.Interops - CLR 4 - .Net 4.5", "C:\Users\szinu\Desktop\VLCNet\Vlc.DotNet-master\src\Vlc.DotNet.Core.Interops\Vlc.DotNet.Core.Interops - CLR 4 - .Net 4.5.csproj", "{47E251AE-A5EE-4526-BDC1-3C008936E80A}"
EndProject
Project("{FAE04EC0-301F-11D3-BF4B-00C04F79EFBC}") = "Vlc.DotNet.Wpf - CLR 4 - .Net 4.5", "C:\Users\szinu\Desktop\VLCNet\Vlc.DotNet-master\src\Vlc.DotNet.Wpf\Vlc.DotNet.Wpf - CLR 4 - .Net 4.5.csproj", "{B1725E81-AAC1-42FC-836D-E0A7CFEBB1E7}"
EndProject
Project("{FAE04EC0-301F-11D3-BF4B-00C04F79EFBC}") = "Vlc.DotNet.Forms - CLR 4 - .Net 4.5", "C:\Users\szinu\Desktop\VLCNet\Vlc.DotNet-master\src\Vlc.DotNet.Forms\Vlc.DotNet.Forms - CLR 4 - .Net 4.5.csproj", "{914DE831-4DFA-44F6-96C1-27CF3B89A2CD}"
EndProject
Project("{2150E333-8FDC-42A3-9474-1A3956D46DE8}") = "AiriLibraries", "AiriLibraries", "{40BBC56D-550E-4326-89B5-67AA0E335480}"
EndProject
Project("{FAE04EC0-301F-11D3-BF4B-00C04F79EFBC}") = "TheVoice", "TheVoice\TheVoice.csproj", "{68611EE4-09CA-4187-B1F4-F10629F224D3}"
EndProject
Project("{FAE04EC0-301F-11D3-BF4B-00C04F79EFBC}") = "TheVision", "TheVision\TheVision.csproj", "{57CC3F73-35D4-40CB-81D7-36A7864FFF88}"
EndProject
Project("{FAE04EC0-301F-11D3-BF4B-00C04F79EFBC}") = "AiriVoiceTuner", "AiriVoiceTuner\AiriVoiceTuner.csproj", "{6B2F5B04-1C76-46B0-B2A8-7187CF32F6ED}"
EndProject
Global
	GlobalSection(SolutionConfigurationPlatforms) = preSolution
		Debug|Any CPU = Debug|Any CPU
		Debug|x64 = Debug|x64
		Debug|x86 = Debug|x86
		Release|Any CPU = Release|Any CPU
		Release|x64 = Release|x64
		Release|x86 = Release|x86
	EndGlobalSection
	GlobalSection(ProjectConfigurationPlatforms) = postSolution
		{EC0AB6EB-F2D3-44D9-A66F-1B06EA2C8609}.Debug|Any CPU.ActiveCfg = Debug|Any CPU
		{EC0AB6EB-F2D3-44D9-A66F-1B06EA2C8609}.Debug|Any CPU.Build.0 = Debug|Any CPU
		{EC0AB6EB-F2D3-44D9-A66F-1B06EA2C8609}.Debug|x64.ActiveCfg = Debug|Any CPU
		{EC0AB6EB-F2D3-44D9-A66F-1B06EA2C8609}.Debug|x64.Build.0 = Debug|Any CPU
		{EC0AB6EB-F2D3-44D9-A66F-1B06EA2C8609}.Debug|x86.ActiveCfg = Debug|Any CPU
		{EC0AB6EB-F2D3-44D9-A66F-1B06EA2C8609}.Debug|x86.Build.0 = Debug|Any CPU
		{EC0AB6EB-F2D3-44D9-A66F-1B06EA2C8609}.Release|Any CPU.ActiveCfg = Release|Any CPU
		{EC0AB6EB-F2D3-44D9-A66F-1B06EA2C8609}.Release|Any CPU.Build.0 = Release|Any CPU
		{EC0AB6EB-F2D3-44D9-A66F-1B06EA2C8609}.Release|x64.ActiveCfg = Release|Any CPU
		{EC0AB6EB-F2D3-44D9-A66F-1B06EA2C8609}.Release|x64.Build.0 = Release|Any CPU
		{EC0AB6EB-F2D3-44D9-A66F-1B06EA2C8609}.Release|x86.ActiveCfg = Release|Any CPU
		{EC0AB6EB-F2D3-44D9-A66F-1B06EA2C8609}.Release|x86.Build.0 = Release|Any CPU
		{6C587EA4-1EB0-42CF-8168-0390BA6F8FCB}.Debug|Any CPU.ActiveCfg = Debug|Any CPU
		{6C587EA4-1EB0-42CF-8168-0390BA6F8FCB}.Debug|Any CPU.Build.0 = Debug|Any CPU
		{6C587EA4-1EB0-42CF-8168-0390BA6F8FCB}.Debug|x64.ActiveCfg = Debug|Any CPU
		{6C587EA4-1EB0-42CF-8168-0390BA6F8FCB}.Debug|x64.Build.0 = Debug|Any CPU
		{6C587EA4-1EB0-42CF-8168-0390BA6F8FCB}.Debug|x86.ActiveCfg = Debug|Any CPU
		{6C587EA4-1EB0-42CF-8168-0390BA6F8FCB}.Debug|x86.Build.0 = Debug|Any CPU
		{6C587EA4-1EB0-42CF-8168-0390BA6F8FCB}.Release|Any CPU.ActiveCfg = Release|Any CPU
		{6C587EA4-1EB0-42CF-8168-0390BA6F8FCB}.Release|Any CPU.Build.0 = Release|Any CPU
		{6C587EA4-1EB0-42CF-8168-0390BA6F8FCB}.Release|x64.ActiveCfg = Release|Any CPU
		{6C587EA4-1EB0-42CF-8168-0390BA6F8FCB}.Release|x64.Build.0 = Release|Any CPU
		{6C587EA4-1EB0-42CF-8168-0390BA6F8FCB}.Release|x86.ActiveCfg = Release|Any CPU
		{6C587EA4-1EB0-42CF-8168-0390BA6F8FCB}.Release|x86.Build.0 = Release|Any CPU
		{C46C8337-D394-4C6E-BBEA-5599DDB3282F}.Debug|Any CPU.ActiveCfg = Debug|Any CPU
		{C46C8337-D394-4C6E-BBEA-5599DDB3282F}.Debug|Any CPU.Build.0 = Debug|Any CPU
		{C46C8337-D394-4C6E-BBEA-5599DDB3282F}.Debug|x64.ActiveCfg = Debug|Any CPU
		{C46C8337-D394-4C6E-BBEA-5599DDB3282F}.Debug|x64.Build.0 = Debug|Any CPU
		{C46C8337-D394-4C6E-BBEA-5599DDB3282F}.Debug|x86.ActiveCfg = Debug|Any CPU
		{C46C8337-D394-4C6E-BBEA-5599DDB3282F}.Debug|x86.Build.0 = Debug|Any CPU
		{C46C8337-D394-4C6E-BBEA-5599DDB3282F}.Release|Any CPU.ActiveCfg = Release|Any CPU
		{C46C8337-D394-4C6E-BBEA-5599DDB3282F}.Release|Any CPU.Build.0 = Release|Any CPU
		{C46C8337-D394-4C6E-BBEA-5599DDB3282F}.Release|x64.ActiveCfg = Release|Any CPU
		{C46C8337-D394-4C6E-BBEA-5599DDB3282F}.Release|x64.Build.0 = Release|Any CPU
		{C46C8337-D394-4C6E-BBEA-5599DDB3282F}.Release|x86.ActiveCfg = Release|Any CPU
		{C46C8337-D394-4C6E-BBEA-5599DDB3282F}.Release|x86.Build.0 = Release|Any CPU
		{C8C6D7E7-A28B-40E4-8BE0-7CAE939C44D1}.Debug|Any CPU.ActiveCfg = Debug|Any CPU
		{C8C6D7E7-A28B-40E4-8BE0-7CAE939C44D1}.Debug|Any CPU.Build.0 = Debug|Any CPU
		{C8C6D7E7-A28B-40E4-8BE0-7CAE939C44D1}.Debug|x64.ActiveCfg = Debug|Any CPU
		{C8C6D7E7-A28B-40E4-8BE0-7CAE939C44D1}.Debug|x64.Build.0 = Debug|Any CPU
		{C8C6D7E7-A28B-40E4-8BE0-7CAE939C44D1}.Debug|x86.ActiveCfg = Debug|Any CPU
		{C8C6D7E7-A28B-40E4-8BE0-7CAE939C44D1}.Debug|x86.Build.0 = Debug|Any CPU
		{C8C6D7E7-A28B-40E4-8BE0-7CAE939C44D1}.Release|Any CPU.ActiveCfg = Release|Any CPU
		{C8C6D7E7-A28B-40E4-8BE0-7CAE939C44D1}.Release|Any CPU.Build.0 = Release|Any CPU
		{C8C6D7E7-A28B-40E4-8BE0-7CAE939C44D1}.Release|x64.ActiveCfg = Release|Any CPU
		{C8C6D7E7-A28B-40E4-8BE0-7CAE939C44D1}.Release|x64.Build.0 = Release|Any CPU
		{C8C6D7E7-A28B-40E4-8BE0-7CAE939C44D1}.Release|x86.ActiveCfg = Release|Any CPU
		{C8C6D7E7-A28B-40E4-8BE0-7CAE939C44D1}.Release|x86.Build.0 = Release|Any CPU
		{7FA09573-8723-4933-9783-E191F6D329D9}.Debug|Any CPU.ActiveCfg = Debug|Any CPU
		{7FA09573-8723-4933-9783-E191F6D329D9}.Debug|Any CPU.Build.0 = Debug|Any CPU
		{7FA09573-8723-4933-9783-E191F6D329D9}.Debug|x64.ActiveCfg = Debug|Any CPU
		{7FA09573-8723-4933-9783-E191F6D329D9}.Debug|x64.Build.0 = Debug|Any CPU
		{7FA09573-8723-4933-9783-E191F6D329D9}.Debug|x86.ActiveCfg = Debug|Any CPU
		{7FA09573-8723-4933-9783-E191F6D329D9}.Debug|x86.Build.0 = Debug|Any CPU
		{7FA09573-8723-4933-9783-E191F6D329D9}.Release|Any CPU.ActiveCfg = Release|Any CPU
		{7FA09573-8723-4933-9783-E191F6D329D9}.Release|Any CPU.Build.0 = Release|Any CPU
		{7FA09573-8723-4933-9783-E191F6D329D9}.Release|x64.ActiveCfg = Release|Any CPU
		{7FA09573-8723-4933-9783-E191F6D329D9}.Release|x64.Build.0 = Release|Any CPU
		{7FA09573-8723-4933-9783-E191F6D329D9}.Release|x86.ActiveCfg = Release|Any CPU
		{7FA09573-8723-4933-9783-E191F6D329D9}.Release|x86.Build.0 = Release|Any CPU
		{6A65A81A-335A-4105-94C5-4EC0FC793105}.Debug|Any CPU.ActiveCfg = Debug|Any CPU
		{6A65A81A-335A-4105-94C5-4EC0FC793105}.Debug|Any CPU.Build.0 = Debug|Any CPU
		{6A65A81A-335A-4105-94C5-4EC0FC793105}.Debug|x64.ActiveCfg = Debug|x64
		{6A65A81A-335A-4105-94C5-4EC0FC793105}.Debug|x64.Build.0 = Debug|x64
		{6A65A81A-335A-4105-94C5-4EC0FC793105}.Debug|x86.ActiveCfg = Debug|x86
		{6A65A81A-335A-4105-94C5-4EC0FC793105}.Debug|x86.Build.0 = Debug|x86
		{6A65A81A-335A-4105-94C5-4EC0FC793105}.Release|Any CPU.ActiveCfg = Release|Any CPU
		{6A65A81A-335A-4105-94C5-4EC0FC793105}.Release|Any CPU.Build.0 = Release|Any CPU
		{6A65A81A-335A-4105-94C5-4EC0FC793105}.Release|x64.ActiveCfg = Release|x64
		{6A65A81A-335A-4105-94C5-4EC0FC793105}.Release|x64.Build.0 = Release|x64
		{6A65A81A-335A-4105-94C5-4EC0FC793105}.Release|x86.ActiveCfg = Release|x86
		{6A65A81A-335A-4105-94C5-4EC0FC793105}.Release|x86.Build.0 = Release|x86
		{751A9EA3-5FB1-4824-BE29-594CA1149269}.Debug|Any CPU.ActiveCfg = Debug|Any CPU
		{751A9EA3-5FB1-4824-BE29-594CA1149269}.Debug|Any CPU.Build.0 = Debug|Any CPU
		{751A9EA3-5FB1-4824-BE29-594CA1149269}.Debug|x64.ActiveCfg = Debug|Any CPU
		{751A9EA3-5FB1-4824-BE29-594CA1149269}.Debug|x64.Build.0 = Debug|Any CPU
		{751A9EA3-5FB1-4824-BE29-594CA1149269}.Debug|x86.ActiveCfg = Debug|Any CPU
		{751A9EA3-5FB1-4824-BE29-594CA1149269}.Debug|x86.Build.0 = Debug|Any CPU
		{751A9EA3-5FB1-4824-BE29-594CA1149269}.Release|Any CPU.ActiveCfg = Release|Any CPU
		{751A9EA3-5FB1-4824-BE29-594CA1149269}.Release|Any CPU.Build.0 = Release|Any CPU
		{751A9EA3-5FB1-4824-BE29-594CA1149269}.Release|x64.ActiveCfg = Release|Any CPU
		{751A9EA3-5FB1-4824-BE29-594CA1149269}.Release|x64.Build.0 = Release|Any CPU
		{751A9EA3-5FB1-4824-BE29-594CA1149269}.Release|x86.ActiveCfg = Release|Any CPU
		{751A9EA3-5FB1-4824-BE29-594CA1149269}.Release|x86.Build.0 = Release|Any CPU
		{66422F1A-7463-4C1E-89F2-054F1B6DD60D}.Debug|Any CPU.ActiveCfg = Debug|Any CPU
		{66422F1A-7463-4C1E-89F2-054F1B6DD60D}.Debug|Any CPU.Build.0 = Debug|Any CPU
		{66422F1A-7463-4C1E-89F2-054F1B6DD60D}.Debug|x64.ActiveCfg = Debug|Any CPU
		{66422F1A-7463-4C1E-89F2-054F1B6DD60D}.Debug|x64.Build.0 = Debug|Any CPU
		{66422F1A-7463-4C1E-89F2-054F1B6DD60D}.Debug|x86.ActiveCfg = Debug|Any CPU
		{66422F1A-7463-4C1E-89F2-054F1B6DD60D}.Debug|x86.Build.0 = Debug|Any CPU
		{66422F1A-7463-4C1E-89F2-054F1B6DD60D}.Release|Any CPU.ActiveCfg = Release|Any CPU
		{66422F1A-7463-4C1E-89F2-054F1B6DD60D}.Release|Any CPU.Build.0 = Release|Any CPU
		{66422F1A-7463-4C1E-89F2-054F1B6DD60D}.Release|x64.ActiveCfg = Release|Any CPU
		{66422F1A-7463-4C1E-89F2-054F1B6DD60D}.Release|x64.Build.0 = Release|Any CPU
		{66422F1A-7463-4C1E-89F2-054F1B6DD60D}.Release|x86.ActiveCfg = Release|Any CPU
		{66422F1A-7463-4C1E-89F2-054F1B6DD60D}.Release|x86.Build.0 = Release|Any CPU
		{F12805B0-D74A-4E5B-A482-7C7CCB69D572}.Debug|Any CPU.ActiveCfg = Debug|Any CPU
		{F12805B0-D74A-4E5B-A482-7C7CCB69D572}.Debug|Any CPU.Build.0 = Debug|Any CPU
		{F12805B0-D74A-4E5B-A482-7C7CCB69D572}.Debug|x64.ActiveCfg = Debug|Any CPU
		{F12805B0-D74A-4E5B-A482-7C7CCB69D572}.Debug|x64.Build.0 = Debug|Any CPU
		{F12805B0-D74A-4E5B-A482-7C7CCB69D572}.Debug|x86.ActiveCfg = Debug|Any CPU
		{F12805B0-D74A-4E5B-A482-7C7CCB69D572}.Debug|x86.Build.0 = Debug|Any CPU
		{F12805B0-D74A-4E5B-A482-7C7CCB69D572}.Release|Any CPU.ActiveCfg = Release|Any CPU
		{F12805B0-D74A-4E5B-A482-7C7CCB69D572}.Release|Any CPU.Build.0 = Release|Any CPU
		{F12805B0-D74A-4E5B-A482-7C7CCB69D572}.Release|x64.ActiveCfg = Release|Any CPU
		{F12805B0-D74A-4E5B-A482-7C7CCB69D572}.Release|x64.Build.0 = Release|Any CPU
		{F12805B0-D74A-4E5B-A482-7C7CCB69D572}.Release|x86.ActiveCfg = Release|Any CPU
		{F12805B0-D74A-4E5B-A482-7C7CCB69D572}.Release|x86.Build.0 = Release|Any CPU
		{D5A66184-1A66-4232-B220-091CB99EFB46}.Debug|Any CPU.ActiveCfg = Debug|Any CPU
		{D5A66184-1A66-4232-B220-091CB99EFB46}.Debug|Any CPU.Build.0 = Debug|Any CPU
		{D5A66184-1A66-4232-B220-091CB99EFB46}.Debug|x64.ActiveCfg = Debug|Any CPU
		{D5A66184-1A66-4232-B220-091CB99EFB46}.Debug|x64.Build.0 = Debug|Any CPU
		{D5A66184-1A66-4232-B220-091CB99EFB46}.Debug|x86.ActiveCfg = Debug|Any CPU
		{D5A66184-1A66-4232-B220-091CB99EFB46}.Debug|x86.Build.0 = Debug|Any CPU
		{D5A66184-1A66-4232-B220-091CB99EFB46}.Release|Any CPU.ActiveCfg = Release|Any CPU
		{D5A66184-1A66-4232-B220-091CB99EFB46}.Release|Any CPU.Build.0 = Release|Any CPU
		{D5A66184-1A66-4232-B220-091CB99EFB46}.Release|x64.ActiveCfg = Release|Any CPU
		{D5A66184-1A66-4232-B220-091CB99EFB46}.Release|x64.Build.0 = Release|Any CPU
		{D5A66184-1A66-4232-B220-091CB99EFB46}.Release|x86.ActiveCfg = Release|Any CPU
		{D5A66184-1A66-4232-B220-091CB99EFB46}.Release|x86.Build.0 = Release|Any CPU
		{9FA7D3EA-35DD-4888-B543-9C718562C53C}.Debug|Any CPU.ActiveCfg = Debug|Any CPU
		{9FA7D3EA-35DD-4888-B543-9C718562C53C}.Debug|Any CPU.Build.0 = Debug|Any CPU
		{9FA7D3EA-35DD-4888-B543-9C718562C53C}.Debug|x64.ActiveCfg = Debug|Any CPU
		{9FA7D3EA-35DD-4888-B543-9C718562C53C}.Debug|x64.Build.0 = Debug|Any CPU
		{9FA7D3EA-35DD-4888-B543-9C718562C53C}.Debug|x86.ActiveCfg = Debug|Any CPU
		{9FA7D3EA-35DD-4888-B543-9C718562C53C}.Debug|x86.Build.0 = Debug|Any CPU
		{9FA7D3EA-35DD-4888-B543-9C718562C53C}.Release|Any CPU.ActiveCfg = Release|Any CPU
		{9FA7D3EA-35DD-4888-B543-9C718562C53C}.Release|Any CPU.Build.0 = Release|Any CPU
		{9FA7D3EA-35DD-4888-B543-9C718562C53C}.Release|x64.ActiveCfg = Release|Any CPU
		{9FA7D3EA-35DD-4888-B543-9C718562C53C}.Release|x64.Build.0 = Release|Any CPU
		{9FA7D3EA-35DD-4888-B543-9C718562C53C}.Release|x86.ActiveCfg = Release|Any CPU
		{9FA7D3EA-35DD-4888-B543-9C718562C53C}.Release|x86.Build.0 = Release|Any CPU
		{24860783-A729-4A14-98C0-9A34BF138BDB}.Debug|Any CPU.ActiveCfg = Debug|x86
		{24860783-A729-4A14-98C0-9A34BF138BDB}.Debug|x64.ActiveCfg = Debug|x64
		{24860783-A729-4A14-98C0-9A34BF138BDB}.Debug|x86.ActiveCfg = Debug|x86
		{24860783-A729-4A14-98C0-9A34BF138BDB}.Release|Any CPU.ActiveCfg = Release|x86
		{24860783-A729-4A14-98C0-9A34BF138BDB}.Release|x64.ActiveCfg = Release|x64
		{24860783-A729-4A14-98C0-9A34BF138BDB}.Release|x86.ActiveCfg = Release|x86
		{47E251AE-A5EE-4526-BDC1-3C008936E80A}.Debug|Any CPU.ActiveCfg = Debug|x86
		{47E251AE-A5EE-4526-BDC1-3C008936E80A}.Debug|x64.ActiveCfg = Debug|x64
		{47E251AE-A5EE-4526-BDC1-3C008936E80A}.Debug|x86.ActiveCfg = Debug|x86
		{47E251AE-A5EE-4526-BDC1-3C008936E80A}.Release|Any CPU.ActiveCfg = Release|x86
		{47E251AE-A5EE-4526-BDC1-3C008936E80A}.Release|x64.ActiveCfg = Release|x64
		{47E251AE-A5EE-4526-BDC1-3C008936E80A}.Release|x86.ActiveCfg = Release|x86
		{B1725E81-AAC1-42FC-836D-E0A7CFEBB1E7}.Debug|Any CPU.ActiveCfg = Debug|x86
		{B1725E81-AAC1-42FC-836D-E0A7CFEBB1E7}.Debug|x64.ActiveCfg = Debug|x64
		{B1725E81-AAC1-42FC-836D-E0A7CFEBB1E7}.Debug|x86.ActiveCfg = Debug|x86
		{B1725E81-AAC1-42FC-836D-E0A7CFEBB1E7}.Release|Any CPU.ActiveCfg = Release|x86
		{B1725E81-AAC1-42FC-836D-E0A7CFEBB1E7}.Release|x64.ActiveCfg = Release|x64
		{B1725E81-AAC1-42FC-836D-E0A7CFEBB1E7}.Release|x86.ActiveCfg = Release|x86
		{914DE831-4DFA-44F6-96C1-27CF3B89A2CD}.Debug|Any CPU.ActiveCfg = Debug|x86
		{914DE831-4DFA-44F6-96C1-27CF3B89A2CD}.Debug|x64.ActiveCfg = Debug|x64
		{914DE831-4DFA-44F6-96C1-27CF3B89A2CD}.Debug|x86.ActiveCfg = Debug|x86
		{914DE831-4DFA-44F6-96C1-27CF3B89A2CD}.Release|Any CPU.ActiveCfg = Release|x86
		{914DE831-4DFA-44F6-96C1-27CF3B89A2CD}.Release|x64.ActiveCfg = Release|x64
		{914DE831-4DFA-44F6-96C1-27CF3B89A2CD}.Release|x86.ActiveCfg = Release|x86
		{68611EE4-09CA-4187-B1F4-F10629F224D3}.Debug|Any CPU.ActiveCfg = Debug|Any CPU
		{68611EE4-09CA-4187-B1F4-F10629F224D3}.Debug|Any CPU.Build.0 = Debug|Any CPU
		{68611EE4-09CA-4187-B1F4-F10629F224D3}.Debug|x64.ActiveCfg = Debug|Any CPU
		{68611EE4-09CA-4187-B1F4-F10629F224D3}.Debug|x64.Build.0 = Debug|Any CPU
		{68611EE4-09CA-4187-B1F4-F10629F224D3}.Debug|x86.ActiveCfg = Debug|Any CPU
		{68611EE4-09CA-4187-B1F4-F10629F224D3}.Debug|x86.Build.0 = Debug|Any CPU
		{68611EE4-09CA-4187-B1F4-F10629F224D3}.Release|Any CPU.ActiveCfg = Release|Any CPU
		{68611EE4-09CA-4187-B1F4-F10629F224D3}.Release|Any CPU.Build.0 = Release|Any CPU
		{68611EE4-09CA-4187-B1F4-F10629F224D3}.Release|x64.ActiveCfg = Release|Any CPU
		{68611EE4-09CA-4187-B1F4-F10629F224D3}.Release|x64.Build.0 = Release|Any CPU
		{68611EE4-09CA-4187-B1F4-F10629F224D3}.Release|x86.ActiveCfg = Release|Any CPU
		{68611EE4-09CA-4187-B1F4-F10629F224D3}.Release|x86.Build.0 = Release|Any CPU
		{57CC3F73-35D4-40CB-81D7-36A7864FFF88}.Debug|Any CPU.ActiveCfg = Debug|Any CPU
		{57CC3F73-35D4-40CB-81D7-36A7864FFF88}.Debug|Any CPU.Build.0 = Debug|Any CPU
		{57CC3F73-35D4-40CB-81D7-36A7864FFF88}.Debug|x64.ActiveCfg = Debug|Any CPU
		{57CC3F73-35D4-40CB-81D7-36A7864FFF88}.Debug|x64.Build.0 = Debug|Any CPU
		{57CC3F73-35D4-40CB-81D7-36A7864FFF88}.Debug|x86.ActiveCfg = Debug|Any CPU
		{57CC3F73-35D4-40CB-81D7-36A7864FFF88}.Debug|x86.Build.0 = Debug|Any CPU
		{57CC3F73-35D4-40CB-81D7-36A7864FFF88}.Release|Any CPU.ActiveCfg = Release|Any CPU
		{57CC3F73-35D4-40CB-81D7-36A7864FFF88}.Release|Any CPU.Build.0 = Release|Any CPU
		{57CC3F73-35D4-40CB-81D7-36A7864FFF88}.Release|x64.ActiveCfg = Release|Any CPU
		{57CC3F73-35D4-40CB-81D7-36A7864FFF88}.Release|x64.Build.0 = Release|Any CPU
		{57CC3F73-35D4-40CB-81D7-36A7864FFF88}.Release|x86.ActiveCfg = Release|Any CPU
		{57CC3F73-35D4-40CB-81D7-36A7864FFF88}.Release|x86.Build.0 = Release|Any CPU
		{6B2F5B04-1C76-46B0-B2A8-7187CF32F6ED}.Debug|Any CPU.ActiveCfg = Debug|Any CPU
		{6B2F5B04-1C76-46B0-B2A8-7187CF32F6ED}.Debug|Any CPU.Build.0 = Debug|Any CPU
		{6B2F5B04-1C76-46B0-B2A8-7187CF32F6ED}.Debug|x64.ActiveCfg = Debug|Any CPU
		{6B2F5B04-1C76-46B0-B2A8-7187CF32F6ED}.Debug|x64.Build.0 = Debug|Any CPU
		{6B2F5B04-1C76-46B0-B2A8-7187CF32F6ED}.Debug|x86.ActiveCfg = Debug|Any CPU
		{6B2F5B04-1C76-46B0-B2A8-7187CF32F6ED}.Debug|x86.Build.0 = Debug|Any CPU
		{6B2F5B04-1C76-46B0-B2A8-7187CF32F6ED}.Release|Any CPU.ActiveCfg = Release|Any CPU
		{6B2F5B04-1C76-46B0-B2A8-7187CF32F6ED}.Release|Any CPU.Build.0 = Release|Any CPU
		{6B2F5B04-1C76-46B0-B2A8-7187CF32F6ED}.Release|x64.ActiveCfg = Release|Any CPU
		{6B2F5B04-1C76-46B0-B2A8-7187CF32F6ED}.Release|x64.Build.0 = Release|Any CPU
		{6B2F5B04-1C76-46B0-B2A8-7187CF32F6ED}.Release|x86.ActiveCfg = Release|Any CPU
		{6B2F5B04-1C76-46B0-B2A8-7187CF32F6ED}.Release|x86.Build.0 = Release|Any CPU
	EndGlobalSection
	GlobalSection(SolutionProperties) = preSolution
		HideSolutionNode = FALSE
	EndGlobalSection
	GlobalSection(NestedProjects) = preSolution
		{EC0AB6EB-F2D3-44D9-A66F-1B06EA2C8609} = {6C590AE2-EF56-40DC-941D-ADD07D79F803}
		{6C587EA4-1EB0-42CF-8168-0390BA6F8FCB} = {0A32D4E2-9A3A-4FB7-8852-BC758C49CEF9}
		{C46C8337-D394-4C6E-BBEA-5599DDB3282F} = {40BBC56D-550E-4326-89B5-67AA0E335480}
		{C8C6D7E7-A28B-40E4-8BE0-7CAE939C44D1} = {5D0973AC-0C25-4BC1-983C-E7CE59AF7D04}
		{7FA09573-8723-4933-9783-E191F6D329D9} = {78DD1B6D-F658-4A9C-B568-773E34374FEA}
		{6A65A81A-335A-4105-94C5-4EC0FC793105} = {6C590AE2-EF56-40DC-941D-ADD07D79F803}
		{751A9EA3-5FB1-4824-BE29-594CA1149269} = {D7DDCD95-FC17-47A6-B6DB-80052A5487EA}
		{66422F1A-7463-4C1E-89F2-054F1B6DD60D} = {5D0973AC-0C25-4BC1-983C-E7CE59AF7D04}
		{F12805B0-D74A-4E5B-A482-7C7CCB69D572} = {78DD1B6D-F658-4A9C-B568-773E34374FEA}
		{D5A66184-1A66-4232-B220-091CB99EFB46} = {78DD1B6D-F658-4A9C-B568-773E34374FEA}
		{9FA7D3EA-35DD-4888-B543-9C718562C53C} = {5D0973AC-0C25-4BC1-983C-E7CE59AF7D04}
		{5BFF1F60-2A56-4EF2-B3F2-7F325389AD21} = {78DD1B6D-F658-4A9C-B568-773E34374FEA}
		{24860783-A729-4A14-98C0-9A34BF138BDB} = {5BFF1F60-2A56-4EF2-B3F2-7F325389AD21}
		{47E251AE-A5EE-4526-BDC1-3C008936E80A} = {5BFF1F60-2A56-4EF2-B3F2-7F325389AD21}
		{B1725E81-AAC1-42FC-836D-E0A7CFEBB1E7} = {5BFF1F60-2A56-4EF2-B3F2-7F325389AD21}
		{914DE831-4DFA-44F6-96C1-27CF3B89A2CD} = {5BFF1F60-2A56-4EF2-B3F2-7F325389AD21}
		{68611EE4-09CA-4187-B1F4-F10629F224D3} = {40BBC56D-550E-4326-89B5-67AA0E335480}
		{57CC3F73-35D4-40CB-81D7-36A7864FFF88} = {40BBC56D-550E-4326-89B5-67AA0E335480}
		{6B2F5B04-1C76-46B0-B2A8-7187CF32F6ED} = {6C590AE2-EF56-40DC-941D-ADD07D79F803}
	EndGlobalSection
EndGlobal
