
Microsoft Visual Studio Solution File, Format Version 12.00
# Visual Studio Version 18
VisualStudioVersion = 18.1.11312.151
MinimumVisualStudioVersion = 10.0.40219.1
Project("{FAE04EC0-301F-11D3-BF4B-00C04F79EFBC}") = "NotyPC", "NotyPC\NotyPC.csproj", "{EC0AB6EB-F2D3-44D9-A66F-1B06EA2C8609}"
EndProject
Project("{FAE04EC0-301F-11D3-BF4B-00C04F79EFBC}") = "MULTITUDE", "MULTITUDE\MULTITUDE.csproj", "{6A65A81A-335A-4105-94C5-4EC0FC793105}"
EndProject
Project("{2150E333-8FDC-42A3-9474-1A3956D46DE8}") = "Utilities", "Utilities", "{0A32D4E2-9A3A-4FB7-8852-BC758C49CEF9}"
EndProject
Project("{2150E333-8FDC-42A3-9474-1A3956D46DE8}") = "Libraries", "Libraries", "{78DD1B6D-F658-4A9C-B568-773E34374FEA}"
EndProject
Project("{2150E333-8FDC-42A3-9474-1A3956D46DE8}") = "Tests", "Tests", "{5D0973AC-0C25-4BC1-983C-E7CE59AF7D04}"
EndProject
Project("{2150E333-8FDC-42A3-9474-1A3956D46DE8}") = "Projects", "Projects", "{6C590AE2-EF56-40DC-941D-ADD07D79F803}"
EndProject
Project("{2150E333-8FDC-42A3-9474-1A3956D46DE8}") = "VLC", "VLC", "{5BFF1F60-2A56-4EF2-B3F2-7F325389AD21}"
EndProject
Project("{FAE04EC0-301F-11D3-BF4B-00C04F79EFBC}") = "Vlc.DotNet.Core - CLR 4 - .Net 4.5", "C:\Users\szinu\Desktop\VLCNet\Vlc.DotNet-master\src\Vlc.DotNet.Core\Vlc.DotNet.Core - CLR 4 - .Net 4.5.csproj", "{24860783-A729-4A14-98C0-9A34BF138BDB}"
EndProject
Project("{FAE04EC0-301F-11D3-BF4B-00C04F79EFBC}") = "Vlc.DotNet.Core.Interops - CLR 4 - .Net 4.5", "C:\Users\szinu\Desktop\VLCNet\Vlc.DotNet-master\src\Vlc.DotNet.Core.Interops\Vlc.DotNet.Core.Interops - CLR 4 - .Net 4.5.csproj", "{47E251AE-A5EE-4526-BDC1-3C008936E80A}"
EndProject
Project("{FAE04EC0-301F-11D3-BF4B-00C04F79EFBC}") = "Vlc.DotNet.Wpf - CLR 4 - .Net 4.5", "C:\Users\szinu\Desktop\VLCNet\Vlc.DotNet-master\src\Vlc.DotNet.Wpf\Vlc.DotNet.Wpf - CLR 4 - .Net 4.5.csproj", "{B1725E81-AAC1-42FC-836D-E0A7CFEBB1E7}"
EndProject
Project("{FAE04EC0-301F-11D3-BF4B-00C04F79EFBC}") = "Vlc.DotNet.Forms - CLR 4 - .Net 4.5", "C:\Users\szinu\Desktop\VLCNet\Vlc.DotNet-master\src\Vlc.DotNet.Forms\Vlc.DotNet.Forms - CLR 4 - .Net 4.5.csproj", "{914DE831-4DFA-44F6-96C1-27CF3B89A2CD}"
EndProject
Project("{2150E333-8FDC-42A3-9474-1A3956D46DE8}") = "AiriLibraries", "AiriLibraries", "{40BBC56D-550E-4326-89B5-67AA0E335480}"
EndProject
Project("{FAE04EC0-301F-11D3-BF4B-00C04F79EFBC}") = "WordNet.Net", "wordnetdotnet\Library\cs\WordNet.Net.csproj", "{F12805B0-D74A-4E5B-A482-7C7CCB69D572}"
EndProject
Project("{FAE04EC0-301F-11D3-BF4B-00C04F79EFBC}") = "CashFlowViewer", "Utilities\CashFlowViewer\CashFlowViewer.csproj", "{296C60C4-683D-41B1-A854-83C0C8EF7AA5}"
EndProject
Project("{FAE04EC0-301F-11D3-BF4B-00C04F79EFBC}") = "ManualTests", "UnitTests\ManualTests\ManualTests.csproj", "{907E2BC2-2ADB-4324-85D3-FEA47826CC90}"
EndProject
Project("{FAE04EC0-301F-11D3-BF4B-00C04F79EFBC}") = "TestWindows", "UnitTests\TestWindows\TestWindows.csproj", "{CA307830-BC33-87BE-24BA-88CA1771E95C}"
EndProject
Project("{FAE04EC0-301F-11D3-BF4B-00C04F79EFBC}") = "AiriTheSystem.ManualTest", "UnitTests\AiriTheSystem.ManualTest\AiriTheSystem.ManualTest.csproj", "{56CF8DBA-62E2-461F-820F-54137CE16098}"
EndProject
Project("{FAE04EC0-301F-11D3-BF4B-00C04F79EFBC}") = "Airi.TheSystem", "Airi\Airi.TheSystem\Airi.TheSystem.csproj", "{6B7F487A-1A1E-4F85-AF0A-6BBE85663976}"
EndProject
Project("{FAE04EC0-301F-11D3-BF4B-00C04F79EFBC}") = "Airi.TheVoice", "Airi\Airi.TheVoice\Airi.TheVoice.csproj", "{D6C5CFF1-5ABD-411A-80CF-6D86B4B5C4E4}"
EndProject
Project("{FAE04EC0-301F-11D3-BF4B-00C04F79EFBC}") = "WikiOfflineParser", "Libraries\WikiOfflineParser\WikiOfflineParser.csproj", "{069ED54B-203A-494F-B47F-7A53AC95E7C7}"
EndProject
Project("{FAE04EC0-301F-11D3-BF4B-00C04F79EFBC}") = "DictionaryBuilder", "Utilities\DictionaryBuilder\DictionaryBuilder.csproj", "{01C4B783-D638-47B0-BACE-F9E42BF14493}"
EndProject
Project("{FAE04EC0-301F-11D3-BF4B-00C04F79EFBC}") = "Airi.VoiceTuner", "Airi\Airi.VoiceTuner\Airi.VoiceTuner.csproj", "{CE51FFBF-D96C-4ADD-9FEE-FFBBFA54D7B6}"
EndProject
Global
	GlobalSection(SolutionConfigurationPlatforms) = preSolution
		Debug|Any CPU = Debug|Any CPU
		Debug|x64 = Debug|x64
		Debug|x86 = Debug|x86
		Release|Any CPU = Release|Any CPU
		Release|x64 = Release|x64
		Release|x86 = Release|x86
	EndGlobalSection
	GlobalSection(ProjectConfigurationPlatforms) = postSolution
		{EC0AB6EB-F2D3-44D9-A66F-1B06EA2C8609}.Debug|Any CPU.ActiveCfg = Debug|Any CPU
		{EC0AB6EB-F2D3-44D9-A66F-1B06EA2C8609}.Debug|Any CPU.Build.0 = Debug|Any CPU
		{EC0AB6EB-F2D3-44D9-A66F-1B06EA2C8609}.Debug|x64.ActiveCfg = Debug|Any CPU
		{EC0AB6EB-F2D3-44D9-A66F-1B06EA2C8609}.Debug|x64.Build.0 = Debug|Any CPU
		{EC0AB6EB-F2D3-44D9-A66F-1B06EA2C8609}.Debug|x86.ActiveCfg = Debug|Any CPU
		{EC0AB6EB-F2D3-44D9-A66F-1B06EA2C8609}.Debug|x86.Build.0 = Debug|Any CPU
		{EC0AB6EB-F2D3-44D9-A66F-1B06EA2C8609}.Release|Any CPU.ActiveCfg = Release|Any CPU
		{EC0AB6EB-F2D3-44D9-A66F-1B06EA2C8609}.Release|Any CPU.Build.0 = Release|Any CPU
		{EC0AB6EB-F2D3-44D9-A66F-1B06EA2C8609}.Release|x64.ActiveCfg = Release|Any CPU
		{EC0AB6EB-F2D3-44D9-A66F-1B06EA2C8609}.Release|x64.Build.0 = Release|Any CPU
		{EC0AB6EB-F2D3-44D9-A66F-1B06EA2C8609}.Release|x86.ActiveCfg = Release|Any CPU
		{EC0AB6EB-F2D3-44D9-A66F-1B06EA2C8609}.Release|x86.Build.0 = Release|Any CPU
		{6A65A81A-335A-4105-94C5-4EC0FC793105}.Debug|Any CPU.ActiveCfg = Debug|Any CPU
		{6A65A81A-335A-4105-94C5-4EC0FC793105}.Debug|Any CPU.Build.0 = Debug|Any CPU
		{6A65A81A-335A-4105-94C5-4EC0FC793105}.Debug|x64.ActiveCfg = Debug|x64
		{6A65A81A-335A-4105-94C5-4EC0FC793105}.Debug|x64.Build.0 = Debug|x64
		{6A65A81A-335A-4105-94C5-4EC0FC793105}.Debug|x86.ActiveCfg = Debug|x86
		{6A65A81A-335A-4105-94C5-4EC0FC793105}.Debug|x86.Build.0 = Debug|x86
		{6A65A81A-335A-4105-94C5-4EC0FC793105}.Release|Any CPU.ActiveCfg = Release|Any CPU
		{6A65A81A-335A-4105-94C5-4EC0FC793105}.Release|Any CPU.Build.0 = Release|Any CPU
		{6A65A81A-335A-4105-94C5-4EC0FC793105}.Release|x64.ActiveCfg = Release|x64
		{6A65A81A-335A-4105-94C5-4EC0FC793105}.Release|x64.Build.0 = Release|x64
		{6A65A81A-335A-4105-94C5-4EC0FC793105}.Release|x86.ActiveCfg = Release|x86
		{6A65A81A-335A-4105-94C5-4EC0FC793105}.Release|x86.Build.0 = Release|x86
		{24860783-A729-4A14-98C0-9A34BF138BDB}.Debug|Any CPU.ActiveCfg = Debug|x86
		{24860783-A729-4A14-98C0-9A34BF138BDB}.Debug|x64.ActiveCfg = Debug|x64
		{24860783-A729-4A14-98C0-9A34BF138BDB}.Debug|x86.ActiveCfg = Debug|x86
		{24860783-A729-4A14-98C0-9A34BF138BDB}.Release|Any CPU.ActiveCfg = Release|x86
		{24860783-A729-4A14-98C0-9A34BF138BDB}.Release|x64.ActiveCfg = Release|x64
		{24860783-A729-4A14-98C0-9A34BF138BDB}.Release|x86.ActiveCfg = Release|x86
		{47E251AE-A5EE-4526-BDC1-3C008936E80A}.Debug|Any CPU.ActiveCfg = Debug|x86
		{47E251AE-A5EE-4526-BDC1-3C008936E80A}.Debug|x64.ActiveCfg = Debug|x64
		{47E251AE-A5EE-4526-BDC1-3C008936E80A}.Debug|x86.ActiveCfg = Debug|x86
		{47E251AE-A5EE-4526-BDC1-3C008936E80A}.Release|Any CPU.ActiveCfg = Release|x86
		{47E251AE-A5EE-4526-BDC1-3C008936E80A}.Release|x64.ActiveCfg = Release|x64
		{47E251AE-A5EE-4526-BDC1-3C008936E80A}.Release|x86.ActiveCfg = Release|x86
		{B1725E81-AAC1-42FC-836D-E0A7CFEBB1E7}.Debug|Any CPU.ActiveCfg = Debug|x86
		{B1725E81-AAC1-42FC-836D-E0A7CFEBB1E7}.Debug|x64.ActiveCfg = Debug|x64
		{B1725E81-AAC1-42FC-836D-E0A7CFEBB1E7}.Debug|x86.ActiveCfg = Debug|x86
		{B1725E81-AAC1-42FC-836D-E0A7CFEBB1E7}.Release|Any CPU.ActiveCfg = Release|x86
		{B1725E81-AAC1-42FC-836D-E0A7CFEBB1E7}.Release|x64.ActiveCfg = Release|x64
		{B1725E81-AAC1-42FC-836D-E0A7CFEBB1E7}.Release|x86.ActiveCfg = Release|x86
		{914DE831-4DFA-44F6-96C1-27CF3B89A2CD}.Debug|Any CPU.ActiveCfg = Debug|x86
		{914DE831-4DFA-44F6-96C1-27CF3B89A2CD}.Debug|x64.ActiveCfg = Debug|x64
		{914DE831-4DFA-44F6-96C1-27CF3B89A2CD}.Debug|x86.ActiveCfg = Debug|x86
		{914DE831-4DFA-44F6-96C1-27CF3B89A2CD}.Release|Any CPU.ActiveCfg = Release|x86
		{914DE831-4DFA-44F6-96C1-27CF3B89A2CD}.Release|x64.ActiveCfg = Release|x64
		{914DE831-4DFA-44F6-96C1-27CF3B89A2CD}.Release|x86.ActiveCfg = Release|x86
		{F12805B0-D74A-4E5B-A482-7C7CCB69D572}.Debug|Any CPU.ActiveCfg = Debug|Any CPU
		{F12805B0-D74A-4E5B-A482-7C7CCB69D572}.Debug|Any CPU.Build.0 = Debug|Any CPU
		{F12805B0-D74A-4E5B-A482-7C7CCB69D572}.Debug|x64.ActiveCfg = Debug|Any CPU
		{F12805B0-D74A-4E5B-A482-7C7CCB69D572}.Debug|x64.Build.0 = Debug|Any CPU
		{F12805B0-D74A-4E5B-A482-7C7CCB69D572}.Debug|x86.ActiveCfg = Debug|Any CPU
		{F12805B0-D74A-4E5B-A482-7C7CCB69D572}.Debug|x86.Build.0 = Debug|Any CPU
		{F12805B0-D74A-4E5B-A482-7C7CCB69D572}.Release|Any CPU.ActiveCfg = Release|Any CPU
		{F12805B0-D74A-4E5B-A482-7C7CCB69D572}.Release|Any CPU.Build.0 = Release|Any CPU
		{F12805B0-D74A-4E5B-A482-7C7CCB69D572}.Release|x64.ActiveCfg = Release|Any CPU
		{F12805B0-D74A-4E5B-A482-7C7CCB69D572}.Release|x64.Build.0 = Release|Any CPU
		{F12805B0-D74A-4E5B-A482-7C7CCB69D572}.Release|x86.ActiveCfg = Release|Any CPU
		{F12805B0-D74A-4E5B-A482-7C7CCB69D572}.Release|x86.Build.0 = Release|Any CPU
		{296C60C4-683D-41B1-A854-83C0C8EF7AA5}.Debug|Any CPU.ActiveCfg = Debug|Any CPU
		{296C60C4-683D-41B1-A854-83C0C8EF7AA5}.Debug|Any CPU.Build.0 = Debug|Any CPU
		{296C60C4-683D-41B1-A854-83C0C8EF7AA5}.Debug|x64.ActiveCfg = Debug|Any CPU
		{296C60C4-683D-41B1-A854-83C0C8EF7AA5}.Debug|x64.Build.0 = Debug|Any CPU
		{296C60C4-683D-41B1-A854-83C0C8EF7AA5}.Debug|x86.ActiveCfg = Debug|Any CPU
		{296C60C4-683D-41B1-A854-83C0C8EF7AA5}.Debug|x86.Build.0 = Debug|Any CPU
		{296C60C4-683D-41B1-A854-83C0C8EF7AA5}.Release|Any CPU.ActiveCfg = Release|Any CPU
		{296C60C4-683D-41B1-A854-83C0C8EF7AA5}.Release|Any CPU.Build.0 = Release|Any CPU
		{296C60C4-683D-41B1-A854-83C0C8EF7AA5}.Release|x64.ActiveCfg = Release|Any CPU
		{296C60C4-683D-41B1-A854-83C0C8EF7AA5}.Release|x64.Build.0 = Release|Any CPU
		{296C60C4-683D-41B1-A854-83C0C8EF7AA5}.Release|x86.ActiveCfg = Release|Any CPU
		{296C60C4-683D-41B1-A854-83C0C8EF7AA5}.Release|x86.Build.0 = Release|Any CPU
		{907E2BC2-2ADB-4324-85D3-FEA47826CC90}.Debug|Any CPU.ActiveCfg = Debug|Any CPU
		{907E2BC2-2ADB-4324-85D3-FEA47826CC90}.Debug|Any CPU.Build.0 = Debug|Any CPU
		{907E2BC2-2ADB-4324-85D3-FEA47826CC90}.Debug|x64.ActiveCfg = Debug|Any CPU
		{907E2BC2-2ADB-4324-85D3-FEA47826CC90}.Debug|x64.Build.0 = Debug|Any CPU
		{907E2BC2-2ADB-4324-85D3-FEA47826CC90}.Debug|x86.ActiveCfg = Debug|Any CPU
		{907E2BC2-2ADB-4324-85D3-FEA47826CC90}.Debug|x86.Build.0 = Debug|Any CPU
		{907E2BC2-2ADB-4324-85D3-FEA47826CC90}.Release|Any CPU.ActiveCfg = Release|Any CPU
		{907E2BC2-2ADB-4324-85D3-FEA47826CC90}.Release|Any CPU.Build.0 = Release|Any CPU
		{907E2BC2-2ADB-4324-85D3-FEA47826CC90}.Release|x64.ActiveCfg = Release|Any CPU
		{907E2BC2-2ADB-4324-85D3-FEA47826CC90}.Release|x64.Build.0 = Release|Any CPU
		{907E2BC2-2ADB-4324-85D3-FEA47826CC90}.Release|x86.ActiveCfg = Release|Any CPU
		{907E2BC2-2ADB-4324-85D3-FEA47826CC90}.Release|x86.Build.0 = Release|Any CPU
		{CA307830-BC33-87BE-24BA-88CA1771E95C}.Debug|Any CPU.ActiveCfg = Debug|Any CPU
		{CA307830-BC33-87BE-24BA-88CA1771E95C}.Debug|Any CPU.Build.0 = Debug|Any CPU
		{CA307830-BC33-87BE-24BA-88CA1771E95C}.Debug|x64.ActiveCfg = Debug|Any CPU
		{CA307830-BC33-87BE-24BA-88CA1771E95C}.Debug|x64.Build.0 = Debug|Any CPU
		{CA307830-BC33-87BE-24BA-88CA1771E95C}.Debug|x86.ActiveCfg = Debug|Any CPU
		{CA307830-BC33-87BE-24BA-88CA1771E95C}.Debug|x86.Build.0 = Debug|Any CPU
		{CA307830-BC33-87BE-24BA-88CA1771E95C}.Release|Any CPU.ActiveCfg = Release|Any CPU
		{CA307830-BC33-87BE-24BA-88CA1771E95C}.Release|Any CPU.Build.0 = Release|Any CPU
		{CA307830-BC33-87BE-24BA-88CA1771E95C}.Release|x64.ActiveCfg = Release|Any CPU
		{CA307830-BC33-87BE-24BA-88CA1771E95C}.Release|x64.Build.0 = Release|Any CPU
		{CA307830-BC33-87BE-24BA-88CA1771E95C}.Release|x86.ActiveCfg = Release|Any CPU
		{CA307830-BC33-87BE-24BA-88CA1771E95C}.Release|x86.Build.0 = Release|Any CPU
		{56CF8DBA-62E2-461F-820F-54137CE16098}.Debug|Any CPU.ActiveCfg = Debug|Any CPU
		{56CF8DBA-62E2-461F-820F-54137CE16098}.Debug|Any CPU.Build.0 = Debug|Any CPU
		{56CF8DBA-62E2-461F-820F-54137CE16098}.Debug|x64.ActiveCfg = Debug|Any CPU
		{56CF8DBA-62E2-461F-820F-54137CE16098}.Debug|x64.Build.0 = Debug|Any CPU
		{56CF8DBA-62E2-461F-820F-54137CE16098}.Debug|x86.ActiveCfg = Debug|Any CPU
		{56CF8DBA-62E2-461F-820F-54137CE16098}.Debug|x86.Build.0 = Debug|Any CPU
		{56CF8DBA-62E2-461F-820F-54137CE16098}.Release|Any CPU.ActiveCfg = Release|Any CPU
		{56CF8DBA-62E2-461F-820F-54137CE16098}.Release|Any CPU.Build.0 = Release|Any CPU
		{56CF8DBA-62E2-461F-820F-54137CE16098}.Release|x64.ActiveCfg = Release|Any CPU
		{56CF8DBA-62E2-461F-820F-54137CE16098}.Release|x64.Build.0 = Release|Any CPU
		{56CF8DBA-62E2-461F-820F-54137CE16098}.Release|x86.ActiveCfg = Release|Any CPU
		{56CF8DBA-62E2-461F-820F-54137CE16098}.Release|x86.Build.0 = Release|Any CPU
		{6B7F487A-1A1E-4F85-AF0A-6BBE85663976}.Debug|Any CPU.ActiveCfg = Debug|Any CPU
		{6B7F487A-1A1E-4F85-AF0A-6BBE85663976}.Debug|Any CPU.Build.0 = Debug|Any CPU
		{6B7F487A-1A1E-4F85-AF0A-6BBE85663976}.Debug|x64.ActiveCfg = Debug|Any CPU
		{6B7F487A-1A1E-4F85-AF0A-6BBE85663976}.Debug|x64.Build.0 = Debug|Any CPU
		{6B7F487A-1A1E-4F85-AF0A-6BBE85663976}.Debug|x86.ActiveCfg = Debug|Any CPU
		{6B7F487A-1A1E-4F85-AF0A-6BBE85663976}.Debug|x86.Build.0 = Debug|Any CPU
		{6B7F487A-1A1E-4F85-AF0A-6BBE85663976}.Release|Any CPU.ActiveCfg = Release|Any CPU
		{6B7F487A-1A1E-4F85-AF0A-6BBE85663976}.Release|Any CPU.Build.0 = Release|Any CPU
		{6B7F487A-1A1E-4F85-AF0A-6BBE85663976}.Release|x64.ActiveCfg = Release|Any CPU
		{6B7F487A-1A1E-4F85-AF0A-6BBE85663976}.Release|x64.Build.0 = Release|Any CPU
		{6B7F487A-1A1E-4F85-AF0A-6BBE85663976}.Release|x86.ActiveCfg = Release|Any CPU
		{6B7F487A-1A1E-4F85-AF0A-6BBE85663976}.Release|x86.Build.0 = Release|Any CPU
		{D6C5CFF1-5ABD-411A-80CF-6D86B4B5C4E4}.Debug|Any CPU.ActiveCfg = Debug|Any CPU
		{D6C5CFF1-5ABD-411A-80CF-6D86B4B5C4E4}.Debug|Any CPU.Build.0 = Debug|Any CPU
		{D6C5CFF1-5ABD-411A-80CF-6D86B4B5C4E4}.Debug|x64.ActiveCfg = Debug|Any CPU
		{D6C5CFF1-5ABD-411A-80CF-6D86B4B5C4E4}.Debug|x64.Build.0 = Debug|Any CPU
		{D6C5CFF1-5ABD-411A-80CF-6D86B4B5C4E4}.Debug|x86.ActiveCfg = Debug|Any CPU
		{D6C5CFF1-5ABD-411A-80CF-6D86B4B5C4E4}.Debug|x86.Build.0 = Debug|Any CPU
		{D6C5CFF1-5ABD-411A-80CF-6D86B4B5C4E4}.Release|Any CPU.ActiveCfg = Release|Any CPU
		{D6C5CFF1-5ABD-411A-80CF-6D86B4B5C4E4}.Release|Any CPU.Build.0 = Release|Any CPU
		{D6C5CFF1-5ABD-411A-80CF-6D86B4B5C4E4}.Release|x64.ActiveCfg = Release|Any CPU
		{D6C5CFF1-5ABD-411A-80CF-6D86B4B5C4E4}.Release|x64.Build.0 = Release|Any CPU
		{D6C5CFF1-5ABD-411A-80CF-6D86B4B5C4E4}.Release|x86.ActiveCfg = Release|Any CPU
		{D6C5CFF1-5ABD-411A-80CF-6D86B4B5C4E4}.Release|x86.Build.0 = Release|Any CPU
		{069ED54B-203A-494F-B47F-7A53AC95E7C7}.Debug|Any CPU.ActiveCfg = Debug|Any CPU
		{069ED54B-203A-494F-B47F-7A53AC95E7C7}.Debug|Any CPU.Build.0 = Debug|Any CPU
		{069ED54B-203A-494F-B47F-7A53AC95E7C7}.Debug|x64.ActiveCfg = Debug|Any CPU
		{069ED54B-203A-494F-B47F-7A53AC95E7C7}.Debug|x64.Build.0 = Debug|Any CPU
		{069ED54B-203A-494F-B47F-7A53AC95E7C7}.Debug|x86.ActiveCfg = Debug|Any CPU
		{069ED54B-203A-494F-B47F-7A53AC95E7C7}.Debug|x86.Build.0 = Debug|Any CPU
		{069ED54B-203A-494F-B47F-7A53AC95E7C7}.Release|Any CPU.ActiveCfg = Release|Any CPU
		{069ED54B-203A-494F-B47F-7A53AC95E7C7}.Release|Any CPU.Build.0 = Release|Any CPU
		{069ED54B-203A-494F-B47F-7A53AC95E7C7}.Release|x64.ActiveCfg = Release|Any CPU
		{069ED54B-203A-494F-B47F-7A53AC95E7C7}.Release|x64.Build.0 = Release|Any CPU
		{069ED54B-203A-494F-B47F-7A53AC95E7C7}.Release|x86.ActiveCfg = Release|Any CPU
		{069ED54B-203A-494F-B47F-7A53AC95E7C7}.Release|x86.Build.0 = Release|Any CPU
		{01C4B783-D638-47B0-BACE-F9E42BF14493}.Debug|Any CPU.ActiveCfg = Debug|Any CPU
		{01C4B783-D638-47B0-BACE-F9E42BF14493}.Debug|Any CPU.Build.0 = Debug|Any CPU
		{01C4B783-D638-47B0-BACE-F9E42BF14493}.Debug|x64.ActiveCfg = Debug|Any CPU
		{01C4B783-D638-47B0-BACE-F9E42BF14493}.Debug|x64.Build.0 = Debug|Any CPU
		{01C4B783-D638-47B0-BACE-F9E42BF14493}.Debug|x86.ActiveCfg = Debug|Any CPU
		{01C4B783-D638-47B0-BACE-F9E42BF14493}.Debug|x86.Build.0 = Debug|Any CPU
		{01C4B783-D638-47B0-BACE-F9E42BF14493}.Release|Any CPU.ActiveCfg = Release|Any CPU
		{01C4B783-D638-47B0-BACE-F9E42BF14493}.Release|Any CPU.Build.0 = Release|Any CPU
		{01C4B783-D638-47B0-BACE-F9E42BF14493}.Release|x64.ActiveCfg = Release|Any CPU
		{01C4B783-D638-47B0-BACE-F9E42BF14493}.Release|x64.Build.0 = Release|Any CPU
		{01C4B783-D638-47B0-BACE-F9E42BF14493}.Release|x86.ActiveCfg = Release|Any CPU
		{01C4B783-D638-47B0-BACE-F9E42BF14493}.Release|x86.Build.0 = Release|Any CPU
		{CE51FFBF-D96C-4ADD-9FEE-FFBBFA54D7B6}.Debug|Any CPU.ActiveCfg = Debug|Any CPU
		{CE51FFBF-D96C-4ADD-9FEE-FFBBFA54D7B6}.Debug|Any CPU.Build.0 = Debug|Any CPU
		{CE51FFBF-D96C-4ADD-9FEE-FFBBFA54D7B6}.Debug|x64.ActiveCfg = Debug|Any CPU
		{CE51FFBF-D96C-4ADD-9FEE-FFBBFA54D7B6}.Debug|x64.Build.0 = Debug|Any CPU
		{CE51FFBF-D96C-4ADD-9FEE-FFBBFA54D7B6}.Debug|x86.ActiveCfg = Debug|Any CPU
		{CE51FFBF-D96C-4ADD-9FEE-FFBBFA54D7B6}.Debug|x86.Build.0 = Debug|Any CPU
		{CE51FFBF-D96C-4ADD-9FEE-FFBBFA54D7B6}.Release|Any CPU.ActiveCfg = Release|Any CPU
		{CE51FFBF-D96C-4ADD-9FEE-FFBBFA54D7B6}.Release|Any CPU.Build.0 = Release|Any CPU
		{CE51FFBF-D96C-4ADD-9FEE-FFBBFA54D7B6}.Release|x64.ActiveCfg = Release|Any CPU
		{CE51FFBF-D96C-4ADD-9FEE-FFBBFA54D7B6}.Release|x64.Build.0 = Release|Any CPU
		{CE51FFBF-D96C-4ADD-9FEE-FFBBFA54D7B6}.Release|x86.ActiveCfg = Release|Any CPU
		{CE51FFBF-D96C-4ADD-9FEE-FFBBFA54D7B6}.Release|x86.Build.0 = Release|Any CPU
	EndGlobalSection
	GlobalSection(SolutionProperties) = preSolution
		HideSolutionNode = FALSE
	EndGlobalSection
	GlobalSection(NestedProjects) = preSolution
		{EC0AB6EB-F2D3-44D9-A66F-1B06EA2C8609} = {6C590AE2-EF56-40DC-941D-ADD07D79F803}
		{6A65A81A-335A-4105-94C5-4EC0FC793105} = {6C590AE2-EF56-40DC-941D-ADD07D79F803}
		{5BFF1F60-2A56-4EF2-B3F2-7F325389AD21} = {78DD1B6D-F658-4A9C-B568-773E34374FEA}
		{24860783-A729-4A14-98C0-9A34BF138BDB} = {5BFF1F60-2A56-4EF2-B3F2-7F325389AD21}
		{47E251AE-A5EE-4526-BDC1-3C008936E80A} = {5BFF1F60-2A56-4EF2-B3F2-7F325389AD21}
		{B1725E81-AAC1-42FC-836D-E0A7CFEBB1E7} = {5BFF1F60-2A56-4EF2-B3F2-7F325389AD21}
		{914DE831-4DFA-44F6-96C1-27CF3B89A2CD} = {5BFF1F60-2A56-4EF2-B3F2-7F325389AD21}
		{F12805B0-D74A-4E5B-A482-7C7CCB69D572} = {78DD1B6D-F658-4A9C-B568-773E34374FEA}
		{296C60C4-683D-41B1-A854-83C0C8EF7AA5} = {0A32D4E2-9A3A-4FB7-8852-BC758C49CEF9}
		{907E2BC2-2ADB-4324-85D3-FEA47826CC90} = {5D0973AC-0C25-4BC1-983C-E7CE59AF7D04}
		{CA307830-BC33-87BE-24BA-88CA1771E95C} = {5D0973AC-0C25-4BC1-983C-E7CE59AF7D04}
		{56CF8DBA-62E2-461F-820F-54137CE16098} = {5D0973AC-0C25-4BC1-983C-E7CE59AF7D04}
		{6B7F487A-1A1E-4F85-AF0A-6BBE85663976} = {40BBC56D-550E-4326-89B5-67AA0E335480}
		{D6C5CFF1-5ABD-411A-80CF-6D86B4B5C4E4} = {40BBC56D-550E-4326-89B5-67AA0E335480}
		{069ED54B-203A-494F-B47F-7A53AC95E7C7} = {78DD1B6D-F658-4A9C-B568-773E34374FEA}
		{01C4B783-D638-47B0-BACE-F9E42BF14493} = {78DD1B6D-F658-4A9C-B568-773E34374FEA}
		{CE51FFBF-D96C-4ADD-9FEE-FFBBFA54D7B6} = {40BBC56D-550E-4326-89B5-67AA0E335480}
	EndGlobalSection
	GlobalSection(ExtensibilityGlobals) = postSolution
		SolutionGuid = {B04DCD69-F162-404F-BE4C-8BF2527C9BD7}
	EndGlobalSection
EndGlobal
